
Microsoft Visual Studio Solution File, Format Version 12.00
# Visual Studio 15
VisualStudioVersion = 15.0.27004.2002
MinimumVisualStudioVersion = 10.0.40219.1
Project("{FAE04EC0-301F-11D3-BF4B-00C04F79EFBC}") = "RabbitCrawler", "RabbitCrawler\RabbitCrawler.csproj", "{81AFBBF0-C9F2-4B41-935B-50088D6DE123}"
EndProject
Global
	GlobalSection(SolutionConfigurationPlatforms) = preSolution
		Debug|Any CPU = Debug|Any CPU
		Release|Any CPU = Release|Any CPU
	EndGlobalSection
	GlobalSection(ProjectConfigurationPlatforms) = postSolution
		{81AFBBF0-C9F2-4B41-935B-50088D6DE123}.Debug|Any CPU.ActiveCfg = Debug|Any CPU
		{81AFBBF0-C9F2-4B41-935B-50088D6DE123}.Debug|Any CPU.Build.0 = Debug|Any CPU
		{81AFBBF0-C9F2-4B41-935B-50088D6DE123}.Release|Any CPU.ActiveCfg = Release|Any CPU
		{81AFBBF0-C9F2-4B41-935B-50088D6DE123}.Release|Any CPU.Build.0 = Release|Any CPU
	EndGlobalSection
	GlobalSection(SolutionProperties) = preSolution
		HideSolutionNode = FALSE
	EndGlobalSection
	GlobalSection(ExtensibilityGlobals) = postSolution
		SolutionGuid = {374CD6A0-30B9-47FC-84C0-C7088B0CDE65}
	EndGlobalSection
EndGlobal
